
Microsoft Visual Studio Solution File, Format Version 12.00
# Visual Studio 15
VisualStudioVersion = 15.0.28010.2041
MinimumVisualStudioVersion = 10.0.40219.1
Project("{8BC9CEB8-8B4A-11D0-8D11-00A0C91BC942}") = "extrusion", "extrusion.vcxproj", "{F35F985D-923C-4F76-875B-FB0AFA185016}"
EndProject
Global
	GlobalSection(SolutionConfigurationPlatforms) = preSolution
		Debug|x86 = Debug|x86
		Release|x86 = Release|x86
	EndGlobalSection
	GlobalSection(ProjectConfigurationPlatforms) = postSolution
		{F35F985D-923C-4F76-875B-FB0AFA185016}.Debug|x86.ActiveCfg = Debug|Win32
		{F35F985D-923C-4F76-875B-FB0AFA185016}.Debug|x86.Build.0 = Debug|Win32
		{F35F985D-923C-4F76-875B-FB0AFA185016}.Release|x86.ActiveCfg = Release|Win32
		{F35F985D-923C-4F76-875B-FB0AFA185016}.Release|x86.Build.0 = Release|Win32
	EndGlobalSection
	GlobalSection(SolutionProperties) = preSolution
		HideSolutionNode = FALSE
	EndGlobalSection
	GlobalSection(ExtensibilityGlobals) = postSolution
		SolutionGuid = {5C757F05-F15B-4C46-AB63-24489516C44A}
	EndGlobalSection
EndGlobal
