// !$*UTF8*$!
{
	archiveVersion = 1;
	classes = {
	};
	objectVersion = 46;
	objects = {

/* Begin PBXBuildFile section */
		7D04307C14FE8B88003F355A /* main.cpp in Sources */ = {isa = PBXBuildFile; fileRef = 7D04307B14FE8B88003F355A /* main.cpp */; };
		7D04307F14FE8BA0003F355A /* extrusion.cpp in Sources */ = {isa = PBXBuildFile; fileRef = 7D04307E14FE8BA0003F355A /* extrusion.cpp */; };
		7D04308214FE8BC2003F355A /* quaternion.cpp in Sources */ = {isa = PBXBuildFile; fileRef = 7D04308114FE8BC2003F355A /* quaternion.cpp */; };
		7D04308814FE8C43003F355A /* GLUT.framework in Frameworks */ = {isa = PBXBuildFile; fileRef = 7D04308614FE8C43003F355A /* GLUT.framework */; };
		7D04308914FE8C43003F355A /* OpenGL.framework in Frameworks */ = {isa = PBXBuildFile; fileRef = 7D04308714FE8C43003F355A /* OpenGL.framework */; };
/* End PBXBuildFile section */

/* Begin PBXCopyFilesBuildPhase section */
		7D04306C14FE8AB9003F355A /* CopyFiles */ = {
			isa = PBXCopyFilesBuildPhase;
			buildActionMask = 2147483647;
			dstPath = /usr/share/man/man1/;
			dstSubfolderSpec = 0;
			files = (
			);
			runOnlyForDeploymentPostprocessing = 1;
		};
/* End PBXCopyFilesBuildPhase section */

/* Begin PBXFileReference section */
		7D04306E14FE8AB9003F355A /* extrusion */ = {isa = PBXFileReference; explicitFileType = "compiled.mach-o.executable"; includeInIndex = 0; path = extrusion; sourceTree = BUILT_PRODUCTS_DIR; };
		7D04307B14FE8B88003F355A /* main.cpp */ = {isa = PBXFileReference; fileEncoding = 8; lastKnownFileType = sourcecode.cpp.cpp; path = main.cpp; sourceTree = "<group>"; };
		7D04307D14FE8B97003F355A /* extrusion.h */ = {isa = PBXFileReference; fileEncoding = 8; lastKnownFileType = sourcecode.c.h; path = extrusion.h; sourceTree = "<group>"; };
		7D04307E14FE8BA0003F355A /* extrusion.cpp */ = {isa = PBXFileReference; fileEncoding = 8; lastKnownFileType = sourcecode.cpp.cpp; path = extrusion.cpp; sourceTree = "<group>"; };
		7D04308014FE8BB0003F355A /* quaternion.h */ = {isa = PBXFileReference; fileEncoding = 8; lastKnownFileType = sourcecode.c.h; path = quaternion.h; sourceTree = "<group>"; };
		7D04308114FE8BC2003F355A /* quaternion.cpp */ = {isa = PBXFileReference; fileEncoding = 8; lastKnownFileType = sourcecode.cpp.cpp; path = quaternion.cpp; sourceTree = "<group>"; };
		7D04308614FE8C43003F355A /* GLUT.framework */ = {isa = PBXFileReference; lastKnownFileType = wrapper.framework; name = GLUT.framework; path = System/Library/Frameworks/GLUT.framework; sourceTree = SDKROOT; };
		7D04308714FE8C43003F355A /* OpenGL.framework */ = {isa = PBXFileReference; lastKnownFileType = wrapper.framework; name = OpenGL.framework; path = System/Library/Frameworks/OpenGL.framework; sourceTree = SDKROOT; };
/* End PBXFileReference section */

/* Begin PBXFrameworksBuildPhase section */
		7D04306B14FE8AB9003F355A /* Frameworks */ = {
			isa = PBXFrameworksBuildPhase;
			buildActionMask = 2147483647;
			files = (
				7D04308814FE8C43003F355A /* GLUT.framework in Frameworks */,
				7D04308914FE8C43003F355A /* OpenGL.framework in Frameworks */,
			);
			runOnlyForDeploymentPostprocessing = 0;
		};
/* End PBXFrameworksBuildPhase section */

/* Begin PBXGroup section */
		7D04306314FE8AB9003F355A = {
			isa = PBXGroup;
			children = (
				7D04307B14FE8B88003F355A /* main.cpp */,
				7D04307D14FE8B97003F355A /* extrusion.h */,
				7D04307E14FE8BA0003F355A /* extrusion.cpp */,
				7D04308014FE8BB0003F355A /* quaternion.h */,
				7D04308114FE8BC2003F355A /* quaternion.cpp */,
				7D04308614FE8C43003F355A /* GLUT.framework */,
				7D04308714FE8C43003F355A /* OpenGL.framework */,
				7D04306F14FE8AB9003F355A /* Products */,
			);
			sourceTree = "<group>";
		};
		7D04306F14FE8AB9003F355A /* Products */ = {
			isa = PBXGroup;
			children = (
				7D04306E14FE8AB9003F355A /* extrusion */,
			);
			name = Products;
			sourceTree = "<group>";
		};
/* End PBXGroup section */

/* Begin PBXNativeTarget section */
		7D04306D14FE8AB9003F355A /* extrusion */ = {
			isa = PBXNativeTarget;
			buildConfigurationList = 7D04307814FE8AB9003F355A /* Build configuration list for PBXNativeTarget "extrusion" */;
			buildPhases = (
				7D04306A14FE8AB9003F355A /* Sources */,
				7D04306B14FE8AB9003F355A /* Frameworks */,
				7D04306C14FE8AB9003F355A /* CopyFiles */,
			);
			buildRules = (
			);
			dependencies = (
			);
			name = extrusion;
			productName = extrusion;
			productReference = 7D04306E14FE8AB9003F355A /* extrusion */;
			productType = "com.apple.product-type.tool";
		};
/* End PBXNativeTarget section */

/* Begin PBXProject section */
		7D04306514FE8AB9003F355A /* Project object */ = {
			isa = PBXProject;
			attributes = {
				LastUpgradeCheck = 0430;
				ORGANIZATIONNAME = "和歌山大学";
			};
			buildConfigurationList = 7D04306814FE8AB9003F355A /* Build configuration list for PBXProject "extrusion" */;
			compatibilityVersion = "Xcode 3.2";
			developmentRegion = English;
			hasScannedForEncodings = 0;
			knownRegions = (
				en,
			);
			mainGroup = 7D04306314FE8AB9003F355A;
			productRefGroup = 7D04306F14FE8AB9003F355A /* Products */;
			projectDirPath = "";
			projectRoot = "";
			targets = (
				7D04306D14FE8AB9003F355A /* extrusion */,
			);
		};
/* End PBXProject section */

/* Begin PBXSourcesBuildPhase section */
		7D04306A14FE8AB9003F355A /* Sources */ = {
			isa = PBXSourcesBuildPhase;
			buildActionMask = 2147483647;
			files = (
				7D04307C14FE8B88003F355A /* main.cpp in Sources */,
				7D04307F14FE8BA0003F355A /* extrusion.cpp in Sources */,
				7D04308214FE8BC2003F355A /* quaternion.cpp in Sources */,
			);
			runOnlyForDeploymentPostprocessing = 0;
		};
/* End PBXSourcesBuildPhase section */

/* Begin XCBuildConfiguration section */
		7D04307614FE8AB9003F355A /* Debug */ = {
			isa = XCBuildConfiguration;
			buildSettings = {
				ALWAYS_SEARCH_USER_PATHS = NO;
				ARCHS = "$(ARCHS_STANDARD_64_BIT)";
				CLANG_ENABLE_OBJC_ARC = YES;
				COPY_PHASE_STRIP = NO;
				GCC_C_LANGUAGE_STANDARD = gnu99;
				GCC_DYNAMIC_NO_PIC = NO;
				GCC_ENABLE_OBJC_EXCEPTIONS = YES;
				GCC_OPTIMIZATION_LEVEL = 0;
				GCC_PREPROCESSOR_DEFINITIONS = (
					"DEBUG=1",
					"$(inherited)",
				);
				GCC_SYMBOLS_PRIVATE_EXTERN = NO;
				GCC_VERSION = com.apple.compilers.llvm.clang.1_0;
				GCC_WARN_64_TO_32_BIT_CONVERSION = YES;
				GCC_WARN_ABOUT_RETURN_TYPE = YES;
				GCC_WARN_UNINITIALIZED_AUTOS = YES;
				GCC_WARN_UNUSED_VARIABLE = YES;
				MACOSX_DEPLOYMENT_TARGET = 10.7;
				ONLY_ACTIVE_ARCH = YES;
				SDKROOT = macosx;
			};
			name = Debug;
		};
		7D04307714FE8AB9003F355A /* Release */ = {
			isa = XCBuildConfiguration;
			buildSettings = {
				ALWAYS_SEARCH_USER_PATHS = NO;
				ARCHS = "$(ARCHS_STANDARD_64_BIT)";
				CLANG_ENABLE_OBJC_ARC = YES;
				COPY_PHASE_STRIP = YES;
				DEBUG_INFORMATION_FORMAT = "dwarf-with-dsym";
				GCC_C_LANGUAGE_STANDARD = gnu99;
				GCC_ENABLE_OBJC_EXCEPTIONS = YES;
				GCC_VERSION = com.apple.compilers.llvm.clang.1_0;
				GCC_WARN_64_TO_32_BIT_CONVERSION = YES;
				GCC_WARN_ABOUT_RETURN_TYPE = YES;
				GCC_WARN_UNINITIALIZED_AUTOS = YES;
				GCC_WARN_UNUSED_VARIABLE = YES;
				MACOSX_DEPLOYMENT_TARGET = 10.7;
				SDKROOT = macosx;
			};
			name = Release;
		};
		7D04307914FE8AB9003F355A /* Debug */ = {
			isa = XCBuildConfiguration;
			buildSettings = {
				PRODUCT_NAME = "$(TARGET_NAME)";
			};
			name = Debug;
		};
		7D04307A14FE8AB9003F355A /* Release */ = {
			isa = XCBuildConfiguration;
			buildSettings = {
				PRODUCT_NAME = "$(TARGET_NAME)";
			};
			name = Release;
		};
/* End XCBuildConfiguration section */

/* Begin XCConfigurationList section */
		7D04306814FE8AB9003F355A /* Build configuration list for PBXProject "extrusion" */ = {
			isa = XCConfigurationList;
			buildConfigurations = (
				7D04307614FE8AB9003F355A /* Debug */,
				7D04307714FE8AB9003F355A /* Release */,
			);
			defaultConfigurationIsVisible = 0;
			defaultConfigurationName = Release;
		};
		7D04307814FE8AB9003F355A /* Build configuration list for PBXNativeTarget "extrusion" */ = {
			isa = XCConfigurationList;
			buildConfigurations = (
				7D04307914FE8AB9003F355A /* Debug */,
				7D04307A14FE8AB9003F355A /* Release */,
			);
			defaultConfigurationIsVisible = 0;
		};
/* End XCConfigurationList section */
	};
	rootObject = 7D04306514FE8AB9003F355A /* Project object */;
}
